
Microsoft Visual Studio Solution File, Format Version 12.00
# Visual Studio 15
VisualStudioVersion = 15.0.28010.2016
MinimumVisualStudioVersion = 10.0.40219.1
Project("{FAE04EC0-301F-11D3-BF4B-00C04F79EFBC}") = "Raven35Embedded", "Raven35Embedded\Raven35Embedded.csproj", "{1FA1B23E-2DCF-4075-805C-52AD92F2FB42}"
EndProject
Project("{FAE04EC0-301F-11D3-BF4B-00C04F79EFBC}") = "Raven41Embedded", "Raven41Embedded\Raven41Embedded.csproj", "{60F9222E-8420-42E2-87DD-AB6329F89424}"
EndProject
Global
	GlobalSection(SolutionConfigurationPlatforms) = preSolution
		Debug|Any CPU = Debug|Any CPU
		Release|Any CPU = Release|Any CPU
	EndGlobalSection
	GlobalSection(ProjectConfigurationPlatforms) = postSolution
		{1FA1B23E-2DCF-4075-805C-52AD92F2FB42}.Debug|Any CPU.ActiveCfg = Debug|Any CPU
		{1FA1B23E-2DCF-4075-805C-52AD92F2FB42}.Debug|Any CPU.Build.0 = Debug|Any CPU
		{1FA1B23E-2DCF-4075-805C-52AD92F2FB42}.Release|Any CPU.ActiveCfg = Release|Any CPU
		{1FA1B23E-2DCF-4075-805C-52AD92F2FB42}.Release|Any CPU.Build.0 = Release|Any CPU
		{60F9222E-8420-42E2-87DD-AB6329F89424}.Debug|Any CPU.ActiveCfg = Debug|Any CPU
		{60F9222E-8420-42E2-87DD-AB6329F89424}.Debug|Any CPU.Build.0 = Debug|Any CPU
		{60F9222E-8420-42E2-87DD-AB6329F89424}.Release|Any CPU.ActiveCfg = Release|Any CPU
		{60F9222E-8420-42E2-87DD-AB6329F89424}.Release|Any CPU.Build.0 = Release|Any CPU
	EndGlobalSection
	GlobalSection(SolutionProperties) = preSolution
		HideSolutionNode = FALSE
	EndGlobalSection
	GlobalSection(ExtensibilityGlobals) = postSolution
		SolutionGuid = {B0D09BE9-5B91-465D-91C9-FF6ECD6150D7}
	EndGlobalSection
EndGlobal
